// !$*UTF8*$!
{
	archiveVersion = 1;
	classes = {
	};
	objectVersion = 54;
	objects = {

/* Begin PBXBuildFile section */
		00E356F31AD99517003FC87E /* complxTests.m in Sources */ = {isa = PBXBuildFile; fileRef = 00E356F21AD99517003FC87E /* complxTests.m */; };
		0C80B921A6F3F58F76C31292 /* libPods-complx.a in Frameworks */ = {isa = PBXBuildFile; fileRef = 5DCACB8F33CDC322A6C60F78 /* libPods-complx.a */; };
		13B07FBC1A68108700A75B9A /* AppDelegate.mm in Sources */ = {isa = PBXBuildFile; fileRef = 13B07FB01A68108700A75B9A /* AppDelegate.mm */; };
		13B07FBF1A68108700A75B9A /* Images.xcassets in Resources */ = {isa = PBXBuildFile; fileRef = 13B07FB51A68108700A75B9A /* Images.xcassets */; };
		13B07FC11A68108700A75B9A /* main.m in Sources */ = {isa = PBXBuildFile; fileRef = 13B07FB71A68108700A75B9A /* main.m */; };
		7699B88040F8A987B510C191 /* libPods-complx-complxTests.a in Frameworks */ = {isa = PBXBuildFile; fileRef = 19F6CBCC0A4E27FBF8BF4A61 /* libPods-complx-complxTests.a */; };
		81AB9BB82411601600AC10FF /* LaunchScreen.storyboard in Resources */ = {isa = PBXBuildFile; fileRef = 81AB9BB72411601600AC10FF /* LaunchScreen.storyboard */; };
		B61275562BFC42B0BEF9507E /* DancingScript-Bold.ttf in Resources */ = {isa = PBXBuildFile; fileRef = 823BB2DE04F040A8BF8AA59D /* DancingScript-Bold.ttf */; };
		7CD2785F85564C3293160E36 /* DancingScript-Medium.ttf in Resources */ = {isa = PBXBuildFile; fileRef = C13301D8E3184223BCF226F6 /* DancingScript-Medium.ttf */; };
		099DAD2DDD38449EBD0EB983 /* DancingScript-Regular.ttf in Resources */ = {isa = PBXBuildFile; fileRef = F0EF0B9D030E404591FE70C1 /* DancingScript-Regular.ttf */; };
		F6FC6457C3AE4CB9BFD28EFE /* DancingScript-SemiBold.ttf in Resources */ = {isa = PBXBuildFile; fileRef = C290BA4EB95748BC941704A5 /* DancingScript-SemiBold.ttf */; };
		A8ED0A67783948E88E435DF6 /* JosefinSans-Bold.ttf in Resources */ = {isa = PBXBuildFile; fileRef = 55C796B2F0484B02B051CA64 /* JosefinSans-Bold.ttf */; };
		600D71E63F974DCD949E4E8D /* JosefinSans-BoldItalic.ttf in Resources */ = {isa = PBXBuildFile; fileRef = 85A7CE7C35124C419155F5CB /* JosefinSans-BoldItalic.ttf */; };
		C90089A6B5FB47099A1BE65C /* JosefinSans-ExtraLight.ttf in Resources */ = {isa = PBXBuildFile; fileRef = 6492D518AFFA4AD58C1CA39B /* JosefinSans-ExtraLight.ttf */; };
		A9E7B76651A2484DB2CF4B04 /* JosefinSans-ExtraLightItalic.ttf in Resources */ = {isa = PBXBuildFile; fileRef = 3203954832C140ADBF89AA37 /* JosefinSans-ExtraLightItalic.ttf */; };
		083DBA031219457082A071F8 /* JosefinSans-Italic.ttf in Resources */ = {isa = PBXBuildFile; fileRef = 6CD019CD7C0E4BCAB6E21A18 /* JosefinSans-Italic.ttf */; };
		7570A23EE3B947FBB3E52E79 /* JosefinSans-Light.ttf in Resources */ = {isa = PBXBuildFile; fileRef = D98C7ED614374544814ADC5C /* JosefinSans-Light.ttf */; };
		689331618B534CD9BE44387B /* JosefinSans-LightItalic.ttf in Resources */ = {isa = PBXBuildFile; fileRef = 6FCEA126FBE146D8B308A062 /* JosefinSans-LightItalic.ttf */; };
		FE7C1D53DD804213B42D67AF /* JosefinSans-Medium.ttf in Resources */ = {isa = PBXBuildFile; fileRef = 86F6CF2C4ED241138A0954D9 /* JosefinSans-Medium.ttf */; };
		2248BCB964E0452D98EB5233 /* JosefinSans-MediumItalic.ttf in Resources */ = {isa = PBXBuildFile; fileRef = 0232737509D54C4388EBCF5C /* JosefinSans-MediumItalic.ttf */; };
		19CE62CED3664CB1A2585C55 /* JosefinSans-Regular.ttf in Resources */ = {isa = PBXBuildFile; fileRef = B6559A4855224C1EB71114FE /* JosefinSans-Regular.ttf */; };
		7BD77DDAF3764A5CBE2CF18F /* JosefinSans-SemiBold.ttf in Resources */ = {isa = PBXBuildFile; fileRef = 0F7966E7B6064A1790E2F70E /* JosefinSans-SemiBold.ttf */; };
		A72D89E7C7D74A7B82359FAC /* JosefinSans-SemiBoldItalic.ttf in Resources */ = {isa = PBXBuildFile; fileRef = A230CCDBA15F4D02ABB2908A /* JosefinSans-SemiBoldItalic.ttf */; };
		1116569F48C14854A66BA576 /* JosefinSans-Thin.ttf in Resources */ = {isa = PBXBuildFile; fileRef = 4CCE565C437F4E1CBC4C7522 /* JosefinSans-Thin.ttf */; };
		77EA96DB429A4E04A6D80234 /* JosefinSans-ThinItalic.ttf in Resources */ = {isa = PBXBuildFile; fileRef = 0C2639CB91C943ABAE060C51 /* JosefinSans-ThinItalic.ttf */; };
		6A44D4A9CE684F4A943A46BC /* Segoe UI Bold Italic.ttf in Resources */ = {isa = PBXBuildFile; fileRef = C6FCCF7204C14BB8902F5E16 /* Segoe UI Bold Italic.ttf */; };
		6F01DD33D2A84F04811C376E /* Segoe UI Bold.ttf in Resources */ = {isa = PBXBuildFile; fileRef = 67EB2ABCCDDC40FA8A492D8C /* Segoe UI Bold.ttf */; };
		FC32DF742C6542A1A5EE45B9 /* Segoe UI Italic.ttf in Resources */ = {isa = PBXBuildFile; fileRef = 30AC7D103CC44DACA4A2F938 /* Segoe UI Italic.ttf */; };
		D7223FCF53BE4ECDB89670D8 /* Segoe UI.ttf in Resources */ = {isa = PBXBuildFile; fileRef = 9CF35C66AE044BFD8F53ABA9 /* Segoe UI.ttf */; };
		F50C634F9D0C4246AA386AC0 /* AntDesign.ttf in Resources */ = {isa = PBXBuildFile; fileRef = 5AE5C6096E5F479588FC3DB9 /* AntDesign.ttf */; };
		7B820A0C75624F82A26FA49F /* Entypo.ttf in Resources */ = {isa = PBXBuildFile; fileRef = 0F55B50B218A4ED9BE4B208C /* Entypo.ttf */; };
		DF71117A9EA34B99B3B0A013 /* EvilIcons.ttf in Resources */ = {isa = PBXBuildFile; fileRef = 1818ECC8F1AF43CCACA2E42B /* EvilIcons.ttf */; };
		8C945C2E44264AF69C61A33C /* Feather.ttf in Resources */ = {isa = PBXBuildFile; fileRef = A6C690A4A8534166901A7760 /* Feather.ttf */; };
		D9FEB28C38974A7586FD8A1B /* FontAwesome.ttf in Resources */ = {isa = PBXBuildFile; fileRef = C6BC94430CDB436C91B785C3 /* FontAwesome.ttf */; };
		325067A3EB46436DB7CCD141 /* FontAwesome5_Brands.ttf in Resources */ = {isa = PBXBuildFile; fileRef = 28601E35FE1F46EE91165A21 /* FontAwesome5_Brands.ttf */; };
		7676DC4895954E35B7D73CFD /* FontAwesome5_Regular.ttf in Resources */ = {isa = PBXBuildFile; fileRef = BAC28100A32347F5BDBEC5CF /* FontAwesome5_Regular.ttf */; };
		847A88695D4943EF8E5D5208 /* FontAwesome5_Solid.ttf in Resources */ = {isa = PBXBuildFile; fileRef = 4FC2C3A107DE4FD2BD8BCDD9 /* FontAwesome5_Solid.ttf */; };
		6197DA8DF9184C779F4EECB8 /* Fontisto.ttf in Resources */ = {isa = PBXBuildFile; fileRef = 9F9D4CA32BBD4CE8BD2AFC5D /* Fontisto.ttf */; };
		9BAF5685D5374F52AADF8953 /* Foundation.ttf in Resources */ = {isa = PBXBuildFile; fileRef = 0D4C33B05FE4421686FB173B /* Foundation.ttf */; };
		8FBD1B3D92DF4C838D63FD79 /* Ionicons.ttf in Resources */ = {isa = PBXBuildFile; fileRef = CF4F420CE8D4414C924652DE /* Ionicons.ttf */; };
		24E4F62DEFD840EAAD3C6511 /* MaterialCommunityIcons.ttf in Resources */ = {isa = PBXBuildFile; fileRef = EE5CC486EA5E486B9BC87162 /* MaterialCommunityIcons.ttf */; };
		AC330AD7C70C41B09978F67B /* MaterialIcons.ttf in Resources */ = {isa = PBXBuildFile; fileRef = 61ECD04FE1D746C78F51CC7D /* MaterialIcons.ttf */; };
		B9A0DC82C2A74929AFC27566 /* Octicons.ttf in Resources */ = {isa = PBXBuildFile; fileRef = 446C8E9D2A0A45D1ABF98CFC /* Octicons.ttf */; };
		E56369BAA8F343F4B414061C /* SimpleLineIcons.ttf in Resources */ = {isa = PBXBuildFile; fileRef = C08B07DF17CC4E13A914A684 /* SimpleLineIcons.ttf */; };
		71D76970D2304844823123F8 /* Zocial.ttf in Resources */ = {isa = PBXBuildFile; fileRef = C6122ADC70DA4B75AC98D047 /* Zocial.ttf */; };
/* End PBXBuildFile section */

/* Begin PBXContainerItemProxy section */
		00E356F41AD99517003FC87E /* PBXContainerItemProxy */ = {
			isa = PBXContainerItemProxy;
			containerPortal = 83CBB9F71A601CBA00E9B192 /* Project object */;
			proxyType = 1;
			remoteGlobalIDString = 13B07F861A680F5B00A75B9A;
			remoteInfo = complx;
		};
/* End PBXContainerItemProxy section */

/* Begin PBXFileReference section */
		00E356EE1AD99517003FC87E /* complxTests.xctest */ = {isa = PBXFileReference; explicitFileType = wrapper.cfbundle; includeInIndex = 0; path = complxTests.xctest; sourceTree = BUILT_PRODUCTS_DIR; };
		00E356F11AD99517003FC87E /* Info.plist */ = {isa = PBXFileReference; lastKnownFileType = text.plist.xml; path = Info.plist; sourceTree = "<group>"; };
		00E356F21AD99517003FC87E /* complxTests.m */ = {isa = PBXFileReference; lastKnownFileType = sourcecode.c.objc; path = complxTests.m; sourceTree = "<group>"; };
		13B07F961A680F5B00A75B9A /* complx.app */ = {isa = PBXFileReference; explicitFileType = wrapper.application; includeInIndex = 0; path = complx.app; sourceTree = BUILT_PRODUCTS_DIR; };
		13B07FAF1A68108700A75B9A /* AppDelegate.h */ = {isa = PBXFileReference; fileEncoding = 4; lastKnownFileType = sourcecode.c.h; name = AppDelegate.h; path = complx/AppDelegate.h; sourceTree = "<group>"; };
		13B07FB01A68108700A75B9A /* AppDelegate.mm */ = {isa = PBXFileReference; fileEncoding = 4; lastKnownFileType = sourcecode.cpp.objcpp; name = AppDelegate.mm; path = complx/AppDelegate.mm; sourceTree = "<group>"; };
		13B07FB51A68108700A75B9A /* Images.xcassets */ = {isa = PBXFileReference; lastKnownFileType = folder.assetcatalog; name = Images.xcassets; path = complx/Images.xcassets; sourceTree = "<group>"; };
		13B07FB61A68108700A75B9A /* Info.plist */ = {isa = PBXFileReference; fileEncoding = 4; lastKnownFileType = text.plist.xml; name = Info.plist; path = complx/Info.plist; sourceTree = "<group>"; };
		13B07FB71A68108700A75B9A /* main.m */ = {isa = PBXFileReference; fileEncoding = 4; lastKnownFileType = sourcecode.c.objc; name = main.m; path = complx/main.m; sourceTree = "<group>"; };
		19F6CBCC0A4E27FBF8BF4A61 /* libPods-complx-complxTests.a */ = {isa = PBXFileReference; explicitFileType = archive.ar; includeInIndex = 0; path = "libPods-complx-complxTests.a"; sourceTree = BUILT_PRODUCTS_DIR; };
		3B4392A12AC88292D35C810B /* Pods-complx.debug.xcconfig */ = {isa = PBXFileReference; includeInIndex = 1; lastKnownFileType = text.xcconfig; name = "Pods-complx.debug.xcconfig"; path = "Target Support Files/Pods-complx/Pods-complx.debug.xcconfig"; sourceTree = "<group>"; };
		5709B34CF0A7D63546082F79 /* Pods-complx.release.xcconfig */ = {isa = PBXFileReference; includeInIndex = 1; lastKnownFileType = text.xcconfig; name = "Pods-complx.release.xcconfig"; path = "Target Support Files/Pods-complx/Pods-complx.release.xcconfig"; sourceTree = "<group>"; };
		5B7EB9410499542E8C5724F5 /* Pods-complx-complxTests.debug.xcconfig */ = {isa = PBXFileReference; includeInIndex = 1; lastKnownFileType = text.xcconfig; name = "Pods-complx-complxTests.debug.xcconfig"; path = "Target Support Files/Pods-complx-complxTests/Pods-complx-complxTests.debug.xcconfig"; sourceTree = "<group>"; };
		5DCACB8F33CDC322A6C60F78 /* libPods-complx.a */ = {isa = PBXFileReference; explicitFileType = archive.ar; includeInIndex = 0; path = "libPods-complx.a"; sourceTree = BUILT_PRODUCTS_DIR; };
		81AB9BB72411601600AC10FF /* LaunchScreen.storyboard */ = {isa = PBXFileReference; fileEncoding = 4; lastKnownFileType = file.storyboard; name = LaunchScreen.storyboard; path = complx/LaunchScreen.storyboard; sourceTree = "<group>"; };
		89C6BE57DB24E9ADA2F236DE /* Pods-complx-complxTests.release.xcconfig */ = {isa = PBXFileReference; includeInIndex = 1; lastKnownFileType = text.xcconfig; name = "Pods-complx-complxTests.release.xcconfig"; path = "Target Support Files/Pods-complx-complxTests/Pods-complx-complxTests.release.xcconfig"; sourceTree = "<group>"; };
		ED297162215061F000B7C4FE /* JavaScriptCore.framework */ = {isa = PBXFileReference; lastKnownFileType = wrapper.framework; name = JavaScriptCore.framework; path = System/Library/Frameworks/JavaScriptCore.framework; sourceTree = SDKROOT; };
		823BB2DE04F040A8BF8AA59D /* DancingScript-Bold.ttf */ = {isa = PBXFileReference; name = "DancingScript-Bold.ttf"; path = "../assets/fonts/DancingScript-Bold.ttf"; sourceTree = "<group>"; fileEncoding = undefined; lastKnownFileType = unknown; explicitFileType = undefined; includeInIndex = 0; };
		C13301D8E3184223BCF226F6 /* DancingScript-Medium.ttf */ = {isa = PBXFileReference; name = "DancingScript-Medium.ttf"; path = "../assets/fonts/DancingScript-Medium.ttf"; sourceTree = "<group>"; fileEncoding = undefined; lastKnownFileType = unknown; explicitFileType = undefined; includeInIndex = 0; };
		F0EF0B9D030E404591FE70C1 /* DancingScript-Regular.ttf */ = {isa = PBXFileReference; name = "DancingScript-Regular.ttf"; path = "../assets/fonts/DancingScript-Regular.ttf"; sourceTree = "<group>"; fileEncoding = undefined; lastKnownFileType = unknown; explicitFileType = undefined; includeInIndex = 0; };
		C290BA4EB95748BC941704A5 /* DancingScript-SemiBold.ttf */ = {isa = PBXFileReference; name = "DancingScript-SemiBold.ttf"; path = "../assets/fonts/DancingScript-SemiBold.ttf"; sourceTree = "<group>"; fileEncoding = undefined; lastKnownFileType = unknown; explicitFileType = undefined; includeInIndex = 0; };
		55C796B2F0484B02B051CA64 /* JosefinSans-Bold.ttf */ = {isa = PBXFileReference; name = "JosefinSans-Bold.ttf"; path = "../assets/fonts/Josefin/JosefinSans-Bold.ttf"; sourceTree = "<group>"; fileEncoding = undefined; lastKnownFileType = unknown; explicitFileType = undefined; includeInIndex = 0; };
		85A7CE7C35124C419155F5CB /* JosefinSans-BoldItalic.ttf */ = {isa = PBXFileReference; name = "JosefinSans-BoldItalic.ttf"; path = "../assets/fonts/Josefin/JosefinSans-BoldItalic.ttf"; sourceTree = "<group>"; fileEncoding = undefined; lastKnownFileType = unknown; explicitFileType = undefined; includeInIndex = 0; };
		6492D518AFFA4AD58C1CA39B /* JosefinSans-ExtraLight.ttf */ = {isa = PBXFileReference; name = "JosefinSans-ExtraLight.ttf"; path = "../assets/fonts/Josefin/JosefinSans-ExtraLight.ttf"; sourceTree = "<group>"; fileEncoding = undefined; lastKnownFileType = unknown; explicitFileType = undefined; includeInIndex = 0; };
		3203954832C140ADBF89AA37 /* JosefinSans-ExtraLightItalic.ttf */ = {isa = PBXFileReference; name = "JosefinSans-ExtraLightItalic.ttf"; path = "../assets/fonts/Josefin/JosefinSans-ExtraLightItalic.ttf"; sourceTree = "<group>"; fileEncoding = undefined; lastKnownFileType = unknown; explicitFileType = undefined; includeInIndex = 0; };
		6CD019CD7C0E4BCAB6E21A18 /* JosefinSans-Italic.ttf */ = {isa = PBXFileReference; name = "JosefinSans-Italic.ttf"; path = "../assets/fonts/Josefin/JosefinSans-Italic.ttf"; sourceTree = "<group>"; fileEncoding = undefined; lastKnownFileType = unknown; explicitFileType = undefined; includeInIndex = 0; };
		D98C7ED614374544814ADC5C /* JosefinSans-Light.ttf */ = {isa = PBXFileReference; name = "JosefinSans-Light.ttf"; path = "../assets/fonts/Josefin/JosefinSans-Light.ttf"; sourceTree = "<group>"; fileEncoding = undefined; lastKnownFileType = unknown; explicitFileType = undefined; includeInIndex = 0; };
		6FCEA126FBE146D8B308A062 /* JosefinSans-LightItalic.ttf */ = {isa = PBXFileReference; name = "JosefinSans-LightItalic.ttf"; path = "../assets/fonts/Josefin/JosefinSans-LightItalic.ttf"; sourceTree = "<group>"; fileEncoding = undefined; lastKnownFileType = unknown; explicitFileType = undefined; includeInIndex = 0; };
		86F6CF2C4ED241138A0954D9 /* JosefinSans-Medium.ttf */ = {isa = PBXFileReference; name = "JosefinSans-Medium.ttf"; path = "../assets/fonts/Josefin/JosefinSans-Medium.ttf"; sourceTree = "<group>"; fileEncoding = undefined; lastKnownFileType = unknown; explicitFileType = undefined; includeInIndex = 0; };
		0232737509D54C4388EBCF5C /* JosefinSans-MediumItalic.ttf */ = {isa = PBXFileReference; name = "JosefinSans-MediumItalic.ttf"; path = "../assets/fonts/Josefin/JosefinSans-MediumItalic.ttf"; sourceTree = "<group>"; fileEncoding = undefined; lastKnownFileType = unknown; explicitFileType = undefined; includeInIndex = 0; };
		B6559A4855224C1EB71114FE /* JosefinSans-Regular.ttf */ = {isa = PBXFileReference; name = "JosefinSans-Regular.ttf"; path = "../assets/fonts/Josefin/JosefinSans-Regular.ttf"; sourceTree = "<group>"; fileEncoding = undefined; lastKnownFileType = unknown; explicitFileType = undefined; includeInIndex = 0; };
		0F7966E7B6064A1790E2F70E /* JosefinSans-SemiBold.ttf */ = {isa = PBXFileReference; name = "JosefinSans-SemiBold.ttf"; path = "../assets/fonts/Josefin/JosefinSans-SemiBold.ttf"; sourceTree = "<group>"; fileEncoding = undefined; lastKnownFileType = unknown; explicitFileType = undefined; includeInIndex = 0; };
		A230CCDBA15F4D02ABB2908A /* JosefinSans-SemiBoldItalic.ttf */ = {isa = PBXFileReference; name = "JosefinSans-SemiBoldItalic.ttf"; path = "../assets/fonts/Josefin/JosefinSans-SemiBoldItalic.ttf"; sourceTree = "<group>"; fileEncoding = undefined; lastKnownFileType = unknown; explicitFileType = undefined; includeInIndex = 0; };
		4CCE565C437F4E1CBC4C7522 /* JosefinSans-Thin.ttf */ = {isa = PBXFileReference; name = "JosefinSans-Thin.ttf"; path = "../assets/fonts/Josefin/JosefinSans-Thin.ttf"; sourceTree = "<group>"; fileEncoding = undefined; lastKnownFileType = unknown; explicitFileType = undefined; includeInIndex = 0; };
		0C2639CB91C943ABAE060C51 /* JosefinSans-ThinItalic.ttf */ = {isa = PBXFileReference; name = "JosefinSans-ThinItalic.ttf"; path = "../assets/fonts/Josefin/JosefinSans-ThinItalic.ttf"; sourceTree = "<group>"; fileEncoding = undefined; lastKnownFileType = unknown; explicitFileType = undefined; includeInIndex = 0; };
		C6FCCF7204C14BB8902F5E16 /* Segoe UI Bold Italic.ttf */ = {isa = PBXFileReference; name = "Segoe UI Bold Italic.ttf"; path = "../assets/fonts/Segoe/Segoe UI Bold Italic.ttf"; sourceTree = "<group>"; fileEncoding = undefined; lastKnownFileType = unknown; explicitFileType = undefined; includeInIndex = 0; };
		67EB2ABCCDDC40FA8A492D8C /* Segoe UI Bold.ttf */ = {isa = PBXFileReference; name = "Segoe UI Bold.ttf"; path = "../assets/fonts/Segoe/Segoe UI Bold.ttf"; sourceTree = "<group>"; fileEncoding = undefined; lastKnownFileType = unknown; explicitFileType = undefined; includeInIndex = 0; };
		30AC7D103CC44DACA4A2F938 /* Segoe UI Italic.ttf */ = {isa = PBXFileReference; name = "Segoe UI Italic.ttf"; path = "../assets/fonts/Segoe/Segoe UI Italic.ttf"; sourceTree = "<group>"; fileEncoding = undefined; lastKnownFileType = unknown; explicitFileType = undefined; includeInIndex = 0; };
		9CF35C66AE044BFD8F53ABA9 /* Segoe UI.ttf */ = {isa = PBXFileReference; name = "Segoe UI.ttf"; path = "../assets/fonts/Segoe/Segoe UI.ttf"; sourceTree = "<group>"; fileEncoding = undefined; lastKnownFileType = unknown; explicitFileType = undefined; includeInIndex = 0; };
		5AE5C6096E5F479588FC3DB9 /* AntDesign.ttf */ = {isa = PBXFileReference; name = "AntDesign.ttf"; path = "../node_modules/react-native-vector-icons/Fonts/AntDesign.ttf"; sourceTree = "<group>"; fileEncoding = undefined; lastKnownFileType = unknown; explicitFileType = undefined; includeInIndex = 0; };
		0F55B50B218A4ED9BE4B208C /* Entypo.ttf */ = {isa = PBXFileReference; name = "Entypo.ttf"; path = "../node_modules/react-native-vector-icons/Fonts/Entypo.ttf"; sourceTree = "<group>"; fileEncoding = undefined; lastKnownFileType = unknown; explicitFileType = undefined; includeInIndex = 0; };
		1818ECC8F1AF43CCACA2E42B /* EvilIcons.ttf */ = {isa = PBXFileReference; name = "EvilIcons.ttf"; path = "../node_modules/react-native-vector-icons/Fonts/EvilIcons.ttf"; sourceTree = "<group>"; fileEncoding = undefined; lastKnownFileType = unknown; explicitFileType = undefined; includeInIndex = 0; };
		A6C690A4A8534166901A7760 /* Feather.ttf */ = {isa = PBXFileReference; name = "Feather.ttf"; path = "../node_modules/react-native-vector-icons/Fonts/Feather.ttf"; sourceTree = "<group>"; fileEncoding = undefined; lastKnownFileType = unknown; explicitFileType = undefined; includeInIndex = 0; };
		C6BC94430CDB436C91B785C3 /* FontAwesome.ttf */ = {isa = PBXFileReference; name = "FontAwesome.ttf"; path = "../node_modules/react-native-vector-icons/Fonts/FontAwesome.ttf"; sourceTree = "<group>"; fileEncoding = undefined; lastKnownFileType = unknown; explicitFileType = undefined; includeInIndex = 0; };
		28601E35FE1F46EE91165A21 /* FontAwesome5_Brands.ttf */ = {isa = PBXFileReference; name = "FontAwesome5_Brands.ttf"; path = "../node_modules/react-native-vector-icons/Fonts/FontAwesome5_Brands.ttf"; sourceTree = "<group>"; fileEncoding = undefined; lastKnownFileType = unknown; explicitFileType = undefined; includeInIndex = 0; };
		BAC28100A32347F5BDBEC5CF /* FontAwesome5_Regular.ttf */ = {isa = PBXFileReference; name = "FontAwesome5_Regular.ttf"; path = "../node_modules/react-native-vector-icons/Fonts/FontAwesome5_Regular.ttf"; sourceTree = "<group>"; fileEncoding = undefined; lastKnownFileType = unknown; explicitFileType = undefined; includeInIndex = 0; };
		4FC2C3A107DE4FD2BD8BCDD9 /* FontAwesome5_Solid.ttf */ = {isa = PBXFileReference; name = "FontAwesome5_Solid.ttf"; path = "../node_modules/react-native-vector-icons/Fonts/FontAwesome5_Solid.ttf"; sourceTree = "<group>"; fileEncoding = undefined; lastKnownFileType = unknown; explicitFileType = undefined; includeInIndex = 0; };
		9F9D4CA32BBD4CE8BD2AFC5D /* Fontisto.ttf */ = {isa = PBXFileReference; name = "Fontisto.ttf"; path = "../node_modules/react-native-vector-icons/Fonts/Fontisto.ttf"; sourceTree = "<group>"; fileEncoding = undefined; lastKnownFileType = unknown; explicitFileType = undefined; includeInIndex = 0; };
		0D4C33B05FE4421686FB173B /* Foundation.ttf */ = {isa = PBXFileReference; name = "Foundation.ttf"; path = "../node_modules/react-native-vector-icons/Fonts/Foundation.ttf"; sourceTree = "<group>"; fileEncoding = undefined; lastKnownFileType = unknown; explicitFileType = undefined; includeInIndex = 0; };
		CF4F420CE8D4414C924652DE /* Ionicons.ttf */ = {isa = PBXFileReference; name = "Ionicons.ttf"; path = "../node_modules/react-native-vector-icons/Fonts/Ionicons.ttf"; sourceTree = "<group>"; fileEncoding = undefined; lastKnownFileType = unknown; explicitFileType = undefined; includeInIndex = 0; };
		EE5CC486EA5E486B9BC87162 /* MaterialCommunityIcons.ttf */ = {isa = PBXFileReference; name = "MaterialCommunityIcons.ttf"; path = "../node_modules/react-native-vector-icons/Fonts/MaterialCommunityIcons.ttf"; sourceTree = "<group>"; fileEncoding = undefined; lastKnownFileType = unknown; explicitFileType = undefined; includeInIndex = 0; };
		61ECD04FE1D746C78F51CC7D /* MaterialIcons.ttf */ = {isa = PBXFileReference; name = "MaterialIcons.ttf"; path = "../node_modules/react-native-vector-icons/Fonts/MaterialIcons.ttf"; sourceTree = "<group>"; fileEncoding = undefined; lastKnownFileType = unknown; explicitFileType = undefined; includeInIndex = 0; };
		446C8E9D2A0A45D1ABF98CFC /* Octicons.ttf */ = {isa = PBXFileReference; name = "Octicons.ttf"; path = "../node_modules/react-native-vector-icons/Fonts/Octicons.ttf"; sourceTree = "<group>"; fileEncoding = undefined; lastKnownFileType = unknown; explicitFileType = undefined; includeInIndex = 0; };
		C08B07DF17CC4E13A914A684 /* SimpleLineIcons.ttf */ = {isa = PBXFileReference; name = "SimpleLineIcons.ttf"; path = "../node_modules/react-native-vector-icons/Fonts/SimpleLineIcons.ttf"; sourceTree = "<group>"; fileEncoding = undefined; lastKnownFileType = unknown; explicitFileType = undefined; includeInIndex = 0; };
		C6122ADC70DA4B75AC98D047 /* Zocial.ttf */ = {isa = PBXFileReference; name = "Zocial.ttf"; path = "../node_modules/react-native-vector-icons/Fonts/Zocial.ttf"; sourceTree = "<group>"; fileEncoding = undefined; lastKnownFileType = unknown; explicitFileType = undefined; includeInIndex = 0; };
/* End PBXFileReference section */

/* Begin PBXFrameworksBuildPhase section */
		00E356EB1AD99517003FC87E /* Frameworks */ = {
			isa = PBXFrameworksBuildPhase;
			buildActionMask = 2147483647;
			files = (
				7699B88040F8A987B510C191 /* libPods-complx-complxTests.a in Frameworks */,
			);
			runOnlyForDeploymentPostprocessing = 0;
		};
		13B07F8C1A680F5B00A75B9A /* Frameworks */ = {
			isa = PBXFrameworksBuildPhase;
			buildActionMask = 2147483647;
			files = (
				0C80B921A6F3F58F76C31292 /* libPods-complx.a in Frameworks */,
			);
			runOnlyForDeploymentPostprocessing = 0;
		};
/* End PBXFrameworksBuildPhase section */

/* Begin PBXGroup section */
		00E356EF1AD99517003FC87E /* complxTests */ = {
			isa = PBXGroup;
			children = (
				00E356F21AD99517003FC87E /* complxTests.m */,
				00E356F01AD99517003FC87E /* Supporting Files */,
			);
			path = complxTests;
			sourceTree = "<group>";
		};
		00E356F01AD99517003FC87E /* Supporting Files */ = {
			isa = PBXGroup;
			children = (
				00E356F11AD99517003FC87E /* Info.plist */,
			);
			name = "Supporting Files";
			sourceTree = "<group>";
		};
		13B07FAE1A68108700A75B9A /* complx */ = {
			isa = PBXGroup;
			children = (
				13B07FAF1A68108700A75B9A /* AppDelegate.h */,
				13B07FB01A68108700A75B9A /* AppDelegate.mm */,
				13B07FB51A68108700A75B9A /* Images.xcassets */,
				13B07FB61A68108700A75B9A /* Info.plist */,
				81AB9BB72411601600AC10FF /* LaunchScreen.storyboard */,
				13B07FB71A68108700A75B9A /* main.m */,
			);
			name = complx;
			sourceTree = "<group>";
		};
		2D16E6871FA4F8E400B85C8A /* Frameworks */ = {
			isa = PBXGroup;
			children = (
				ED297162215061F000B7C4FE /* JavaScriptCore.framework */,
				5DCACB8F33CDC322A6C60F78 /* libPods-complx.a */,
				19F6CBCC0A4E27FBF8BF4A61 /* libPods-complx-complxTests.a */,
			);
			name = Frameworks;
			sourceTree = "<group>";
		};
		832341AE1AAA6A7D00B99B32 /* Libraries */ = {
			isa = PBXGroup;
			children = (
			);
			name = Libraries;
			sourceTree = "<group>";
		};
		83CBB9F61A601CBA00E9B192 = {
			isa = PBXGroup;
			children = (
				13B07FAE1A68108700A75B9A /* complx */,
				832341AE1AAA6A7D00B99B32 /* Libraries */,
				00E356EF1AD99517003FC87E /* complxTests */,
				83CBBA001A601CBA00E9B192 /* Products */,
				2D16E6871FA4F8E400B85C8A /* Frameworks */,
				BBD78D7AC51CEA395F1C20DB /* Pods */,
				6DDDEBF1D5634E41AEA26AB5 /* Resources */,
			);
			indentWidth = 2;
			sourceTree = "<group>";
			tabWidth = 2;
			usesTabs = 0;
		};
		83CBBA001A601CBA00E9B192 /* Products */ = {
			isa = PBXGroup;
			children = (
				13B07F961A680F5B00A75B9A /* complx.app */,
				00E356EE1AD99517003FC87E /* complxTests.xctest */,
			);
			name = Products;
			sourceTree = "<group>";
		};
		BBD78D7AC51CEA395F1C20DB /* Pods */ = {
			isa = PBXGroup;
			children = (
				3B4392A12AC88292D35C810B /* Pods-complx.debug.xcconfig */,
				5709B34CF0A7D63546082F79 /* Pods-complx.release.xcconfig */,
				5B7EB9410499542E8C5724F5 /* Pods-complx-complxTests.debug.xcconfig */,
				89C6BE57DB24E9ADA2F236DE /* Pods-complx-complxTests.release.xcconfig */,
			);
			path = Pods;
			sourceTree = "<group>";
		};
		6DDDEBF1D5634E41AEA26AB5 /* Resources */ = {
			isa = "PBXGroup";
			children = (
				823BB2DE04F040A8BF8AA59D /* DancingScript-Bold.ttf */,
				C13301D8E3184223BCF226F6 /* DancingScript-Medium.ttf */,
				F0EF0B9D030E404591FE70C1 /* DancingScript-Regular.ttf */,
				C290BA4EB95748BC941704A5 /* DancingScript-SemiBold.ttf */,
				55C796B2F0484B02B051CA64 /* JosefinSans-Bold.ttf */,
				85A7CE7C35124C419155F5CB /* JosefinSans-BoldItalic.ttf */,
				6492D518AFFA4AD58C1CA39B /* JosefinSans-ExtraLight.ttf */,
				3203954832C140ADBF89AA37 /* JosefinSans-ExtraLightItalic.ttf */,
				6CD019CD7C0E4BCAB6E21A18 /* JosefinSans-Italic.ttf */,
				D98C7ED614374544814ADC5C /* JosefinSans-Light.ttf */,
				6FCEA126FBE146D8B308A062 /* JosefinSans-LightItalic.ttf */,
				86F6CF2C4ED241138A0954D9 /* JosefinSans-Medium.ttf */,
				0232737509D54C4388EBCF5C /* JosefinSans-MediumItalic.ttf */,
				B6559A4855224C1EB71114FE /* JosefinSans-Regular.ttf */,
				0F7966E7B6064A1790E2F70E /* JosefinSans-SemiBold.ttf */,
				A230CCDBA15F4D02ABB2908A /* JosefinSans-SemiBoldItalic.ttf */,
				4CCE565C437F4E1CBC4C7522 /* JosefinSans-Thin.ttf */,
				0C2639CB91C943ABAE060C51 /* JosefinSans-ThinItalic.ttf */,
				C6FCCF7204C14BB8902F5E16 /* Segoe UI Bold Italic.ttf */,
				67EB2ABCCDDC40FA8A492D8C /* Segoe UI Bold.ttf */,
				30AC7D103CC44DACA4A2F938 /* Segoe UI Italic.ttf */,
				9CF35C66AE044BFD8F53ABA9 /* Segoe UI.ttf */,
				5AE5C6096E5F479588FC3DB9 /* AntDesign.ttf */,
				0F55B50B218A4ED9BE4B208C /* Entypo.ttf */,
				1818ECC8F1AF43CCACA2E42B /* EvilIcons.ttf */,
				A6C690A4A8534166901A7760 /* Feather.ttf */,
				C6BC94430CDB436C91B785C3 /* FontAwesome.ttf */,
				28601E35FE1F46EE91165A21 /* FontAwesome5_Brands.ttf */,
				BAC28100A32347F5BDBEC5CF /* FontAwesome5_Regular.ttf */,
				4FC2C3A107DE4FD2BD8BCDD9 /* FontAwesome5_Solid.ttf */,
				9F9D4CA32BBD4CE8BD2AFC5D /* Fontisto.ttf */,
				0D4C33B05FE4421686FB173B /* Foundation.ttf */,
				CF4F420CE8D4414C924652DE /* Ionicons.ttf */,
				EE5CC486EA5E486B9BC87162 /* MaterialCommunityIcons.ttf */,
				61ECD04FE1D746C78F51CC7D /* MaterialIcons.ttf */,
				446C8E9D2A0A45D1ABF98CFC /* Octicons.ttf */,
				C08B07DF17CC4E13A914A684 /* SimpleLineIcons.ttf */,
				C6122ADC70DA4B75AC98D047 /* Zocial.ttf */,
			);
			name = Resources;
			sourceTree = "<group>";
			path = "";
		};
/* End PBXGroup section */

/* Begin PBXNativeTarget section */
		00E356ED1AD99517003FC87E /* complxTests */ = {
			isa = PBXNativeTarget;
			buildConfigurationList = 00E357021AD99517003FC87E /* Build configuration list for PBXNativeTarget "complxTests" */;
			buildPhases = (
				A55EABD7B0C7F3A422A6CC61 /* [CP] Check Pods Manifest.lock */,
				00E356EA1AD99517003FC87E /* Sources */,
				00E356EB1AD99517003FC87E /* Frameworks */,
				00E356EC1AD99517003FC87E /* Resources */,
				C59DA0FBD6956966B86A3779 /* [CP] Embed Pods Frameworks */,
				F6A41C54EA430FDDC6A6ED99 /* [CP] Copy Pods Resources */,
			);
			buildRules = (
			);
			dependencies = (
				00E356F51AD99517003FC87E /* PBXTargetDependency */,
			);
			name = complxTests;
			productName = complxTests;
			productReference = 00E356EE1AD99517003FC87E /* complxTests.xctest */;
			productType = "com.apple.product-type.bundle.unit-test";
		};
		13B07F861A680F5B00A75B9A /* complx */ = {
			isa = PBXNativeTarget;
			buildConfigurationList = 13B07F931A680F5B00A75B9A /* Build configuration list for PBXNativeTarget "complx" */;
			buildPhases = (
				C38B50BA6285516D6DCD4F65 /* [CP] Check Pods Manifest.lock */,
				FD10A7F022414F080027D42C /* Start Packager */,
				13B07F871A680F5B00A75B9A /* Sources */,
				13B07F8C1A680F5B00A75B9A /* Frameworks */,
				13B07F8E1A680F5B00A75B9A /* Resources */,
				00DD1BFF1BD5951E006B06BC /* Bundle React Native code and images */,
				00EEFC60759A1932668264C0 /* [CP] Embed Pods Frameworks */,
				E235C05ADACE081382539298 /* [CP] Copy Pods Resources */,
			);
			buildRules = (
			);
			dependencies = (
			);
			name = complx;
			productName = complx;
			productReference = 13B07F961A680F5B00A75B9A /* complx.app */;
			productType = "com.apple.product-type.application";
		};
/* End PBXNativeTarget section */

/* Begin PBXProject section */
		83CBB9F71A601CBA00E9B192 /* Project object */ = {
			isa = PBXProject;
			attributes = {
				LastUpgradeCheck = 1210;
				TargetAttributes = {
					00E356ED1AD99517003FC87E = {
						CreatedOnToolsVersion = 6.2;
						TestTargetID = 13B07F861A680F5B00A75B9A;
					};
					13B07F861A680F5B00A75B9A = {
						LastSwiftMigration = 1120;
					};
				};
			};
			buildConfigurationList = 83CBB9FA1A601CBA00E9B192 /* Build configuration list for PBXProject "complx" */;
			compatibilityVersion = "Xcode 12.0";
			developmentRegion = en;
			hasScannedForEncodings = 0;
			knownRegions = (
				en,
				Base,
			);
			mainGroup = 83CBB9F61A601CBA00E9B192;
			productRefGroup = 83CBBA001A601CBA00E9B192 /* Products */;
			projectDirPath = "";
			projectRoot = "";
			targets = (
				13B07F861A680F5B00A75B9A /* complx */,
				00E356ED1AD99517003FC87E /* complxTests */,
			);
		};
/* End PBXProject section */

/* Begin PBXResourcesBuildPhase section */
		00E356EC1AD99517003FC87E /* Resources */ = {
			isa = PBXResourcesBuildPhase;
			buildActionMask = 2147483647;
			files = (
			);
			runOnlyForDeploymentPostprocessing = 0;
		};
		13B07F8E1A680F5B00A75B9A /* Resources */ = {
			isa = PBXResourcesBuildPhase;
			buildActionMask = 2147483647;
			files = (
				81AB9BB82411601600AC10FF /* LaunchScreen.storyboard in Resources */,
				13B07FBF1A68108700A75B9A /* Images.xcassets in Resources */,
				B61275562BFC42B0BEF9507E /* DancingScript-Bold.ttf in Resources */,
				7CD2785F85564C3293160E36 /* DancingScript-Medium.ttf in Resources */,
				099DAD2DDD38449EBD0EB983 /* DancingScript-Regular.ttf in Resources */,
				F6FC6457C3AE4CB9BFD28EFE /* DancingScript-SemiBold.ttf in Resources */,
				A8ED0A67783948E88E435DF6 /* JosefinSans-Bold.ttf in Resources */,
				600D71E63F974DCD949E4E8D /* JosefinSans-BoldItalic.ttf in Resources */,
				C90089A6B5FB47099A1BE65C /* JosefinSans-ExtraLight.ttf in Resources */,
				A9E7B76651A2484DB2CF4B04 /* JosefinSans-ExtraLightItalic.ttf in Resources */,
				083DBA031219457082A071F8 /* JosefinSans-Italic.ttf in Resources */,
				7570A23EE3B947FBB3E52E79 /* JosefinSans-Light.ttf in Resources */,
				689331618B534CD9BE44387B /* JosefinSans-LightItalic.ttf in Resources */,
				FE7C1D53DD804213B42D67AF /* JosefinSans-Medium.ttf in Resources */,
				2248BCB964E0452D98EB5233 /* JosefinSans-MediumItalic.ttf in Resources */,
				19CE62CED3664CB1A2585C55 /* JosefinSans-Regular.ttf in Resources */,
				7BD77DDAF3764A5CBE2CF18F /* JosefinSans-SemiBold.ttf in Resources */,
				A72D89E7C7D74A7B82359FAC /* JosefinSans-SemiBoldItalic.ttf in Resources */,
				1116569F48C14854A66BA576 /* JosefinSans-Thin.ttf in Resources */,
				77EA96DB429A4E04A6D80234 /* JosefinSans-ThinItalic.ttf in Resources */,
				6A44D4A9CE684F4A943A46BC /* Segoe UI Bold Italic.ttf in Resources */,
				6F01DD33D2A84F04811C376E /* Segoe UI Bold.ttf in Resources */,
				FC32DF742C6542A1A5EE45B9 /* Segoe UI Italic.ttf in Resources */,
				D7223FCF53BE4ECDB89670D8 /* Segoe UI.ttf in Resources */,
				F50C634F9D0C4246AA386AC0 /* AntDesign.ttf in Resources */,
				7B820A0C75624F82A26FA49F /* Entypo.ttf in Resources */,
				DF71117A9EA34B99B3B0A013 /* EvilIcons.ttf in Resources */,
				8C945C2E44264AF69C61A33C /* Feather.ttf in Resources */,
				D9FEB28C38974A7586FD8A1B /* FontAwesome.ttf in Resources */,
				325067A3EB46436DB7CCD141 /* FontAwesome5_Brands.ttf in Resources */,
				7676DC4895954E35B7D73CFD /* FontAwesome5_Regular.ttf in Resources */,
				847A88695D4943EF8E5D5208 /* FontAwesome5_Solid.ttf in Resources */,
				6197DA8DF9184C779F4EECB8 /* Fontisto.ttf in Resources */,
				9BAF5685D5374F52AADF8953 /* Foundation.ttf in Resources */,
				8FBD1B3D92DF4C838D63FD79 /* Ionicons.ttf in Resources */,
				24E4F62DEFD840EAAD3C6511 /* MaterialCommunityIcons.ttf in Resources */,
				AC330AD7C70C41B09978F67B /* MaterialIcons.ttf in Resources */,
				B9A0DC82C2A74929AFC27566 /* Octicons.ttf in Resources */,
				E56369BAA8F343F4B414061C /* SimpleLineIcons.ttf in Resources */,
				71D76970D2304844823123F8 /* Zocial.ttf in Resources */,
			);
			runOnlyForDeploymentPostprocessing = 0;
		};
/* End PBXResourcesBuildPhase section */

/* Begin PBXShellScriptBuildPhase section */
		00DD1BFF1BD5951E006B06BC /* Bundle React Native code and images */ = {
			isa = PBXShellScriptBuildPhase;
			buildActionMask = 2147483647;
			files = (
			);
			inputPaths = (
			);
			name = "Bundle React Native code and images";
			outputPaths = (
			);
			runOnlyForDeploymentPostprocessing = 0;
			shellPath = /bin/sh;
			shellScript = "set -e\n\nexport NODE_BINARY=node\n../node_modules/react-native/scripts/react-native-xcode.sh\n";
		};
		00EEFC60759A1932668264C0 /* [CP] Embed Pods Frameworks */ = {
			isa = PBXShellScriptBuildPhase;
			buildActionMask = 2147483647;
			files = (
			);
			inputFileListPaths = (
				"${PODS_ROOT}/Target Support Files/Pods-complx/Pods-complx-frameworks-${CONFIGURATION}-input-files.xcfilelist",
			);
			name = "[CP] Embed Pods Frameworks";
			outputFileListPaths = (
				"${PODS_ROOT}/Target Support Files/Pods-complx/Pods-complx-frameworks-${CONFIGURATION}-output-files.xcfilelist",
			);
			runOnlyForDeploymentPostprocessing = 0;
			shellPath = /bin/sh;
			shellScript = "\"${PODS_ROOT}/Target Support Files/Pods-complx/Pods-complx-frameworks.sh\"\n";
			showEnvVarsInLog = 0;
		};
		A55EABD7B0C7F3A422A6CC61 /* [CP] Check Pods Manifest.lock */ = {
			isa = PBXShellScriptBuildPhase;
			buildActionMask = 2147483647;
			files = (
			);
			inputFileListPaths = (
			);
			inputPaths = (
				"${PODS_PODFILE_DIR_PATH}/Podfile.lock",
				"${PODS_ROOT}/Manifest.lock",
			);
			name = "[CP] Check Pods Manifest.lock";
			outputFileListPaths = (
			);
			outputPaths = (
				"$(DERIVED_FILE_DIR)/Pods-complx-complxTests-checkManifestLockResult.txt",
			);
			runOnlyForDeploymentPostprocessing = 0;
			shellPath = /bin/sh;
			shellScript = "diff \"${PODS_PODFILE_DIR_PATH}/Podfile.lock\" \"${PODS_ROOT}/Manifest.lock\" > /dev/null\nif [ $? != 0 ] ; then\n    # print error to STDERR\n    echo \"error: The sandbox is not in sync with the Podfile.lock. Run 'pod install' or update your CocoaPods installation.\" >&2\n    exit 1\nfi\n# This output is used by Xcode 'outputs' to avoid re-running this script phase.\necho \"SUCCESS\" > \"${SCRIPT_OUTPUT_FILE_0}\"\n";
			showEnvVarsInLog = 0;
		};
		C38B50BA6285516D6DCD4F65 /* [CP] Check Pods Manifest.lock */ = {
			isa = PBXShellScriptBuildPhase;
			buildActionMask = 2147483647;
			files = (
			);
			inputFileListPaths = (
			);
			inputPaths = (
				"${PODS_PODFILE_DIR_PATH}/Podfile.lock",
				"${PODS_ROOT}/Manifest.lock",
			);
			name = "[CP] Check Pods Manifest.lock";
			outputFileListPaths = (
			);
			outputPaths = (
				"$(DERIVED_FILE_DIR)/Pods-complx-checkManifestLockResult.txt",
			);
			runOnlyForDeploymentPostprocessing = 0;
			shellPath = /bin/sh;
			shellScript = "diff \"${PODS_PODFILE_DIR_PATH}/Podfile.lock\" \"${PODS_ROOT}/Manifest.lock\" > /dev/null\nif [ $? != 0 ] ; then\n    # print error to STDERR\n    echo \"error: The sandbox is not in sync with the Podfile.lock. Run 'pod install' or update your CocoaPods installation.\" >&2\n    exit 1\nfi\n# This output is used by Xcode 'outputs' to avoid re-running this script phase.\necho \"SUCCESS\" > \"${SCRIPT_OUTPUT_FILE_0}\"\n";
			showEnvVarsInLog = 0;
		};
		C59DA0FBD6956966B86A3779 /* [CP] Embed Pods Frameworks */ = {
			isa = PBXShellScriptBuildPhase;
			buildActionMask = 2147483647;
			files = (
			);
			inputFileListPaths = (
				"${PODS_ROOT}/Target Support Files/Pods-complx-complxTests/Pods-complx-complxTests-frameworks-${CONFIGURATION}-input-files.xcfilelist",
			);
			name = "[CP] Embed Pods Frameworks";
			outputFileListPaths = (
				"${PODS_ROOT}/Target Support Files/Pods-complx-complxTests/Pods-complx-complxTests-frameworks-${CONFIGURATION}-output-files.xcfilelist",
			);
			runOnlyForDeploymentPostprocessing = 0;
			shellPath = /bin/sh;
			shellScript = "\"${PODS_ROOT}/Target Support Files/Pods-complx-complxTests/Pods-complx-complxTests-frameworks.sh\"\n";
			showEnvVarsInLog = 0;
		};
		E235C05ADACE081382539298 /* [CP] Copy Pods Resources */ = {
			isa = PBXShellScriptBuildPhase;
			buildActionMask = 2147483647;
			files = (
			);
			inputFileListPaths = (
				"${PODS_ROOT}/Target Support Files/Pods-complx/Pods-complx-resources-${CONFIGURATION}-input-files.xcfilelist",
			);
			name = "[CP] Copy Pods Resources";
			outputFileListPaths = (
				"${PODS_ROOT}/Target Support Files/Pods-complx/Pods-complx-resources-${CONFIGURATION}-output-files.xcfilelist",
			);
			runOnlyForDeploymentPostprocessing = 0;
			shellPath = /bin/sh;
			shellScript = "\"${PODS_ROOT}/Target Support Files/Pods-complx/Pods-complx-resources.sh\"\n";
			showEnvVarsInLog = 0;
		};
		F6A41C54EA430FDDC6A6ED99 /* [CP] Copy Pods Resources */ = {
			isa = PBXShellScriptBuildPhase;
			buildActionMask = 2147483647;
			files = (
			);
			inputFileListPaths = (
				"${PODS_ROOT}/Target Support Files/Pods-complx-complxTests/Pods-complx-complxTests-resources-${CONFIGURATION}-input-files.xcfilelist",
			);
			name = "[CP] Copy Pods Resources";
			outputFileListPaths = (
				"${PODS_ROOT}/Target Support Files/Pods-complx-complxTests/Pods-complx-complxTests-resources-${CONFIGURATION}-output-files.xcfilelist",
			);
			runOnlyForDeploymentPostprocessing = 0;
			shellPath = /bin/sh;
			shellScript = "\"${PODS_ROOT}/Target Support Files/Pods-complx-complxTests/Pods-complx-complxTests-resources.sh\"\n";
			showEnvVarsInLog = 0;
		};
		FD10A7F022414F080027D42C /* Start Packager */ = {
			isa = PBXShellScriptBuildPhase;
			buildActionMask = 2147483647;
			files = (
			);
			inputFileListPaths = (
			);
			inputPaths = (
			);
			name = "Start Packager";
			outputFileListPaths = (
			);
			outputPaths = (
			);
			runOnlyForDeploymentPostprocessing = 0;
			shellPath = /bin/sh;
			shellScript = "export RCT_METRO_PORT=\"${RCT_METRO_PORT:=8081}\"\necho \"export RCT_METRO_PORT=${RCT_METRO_PORT}\" > \"${SRCROOT}/../node_modules/react-native/scripts/.packager.env\"\nif [ -z \"${RCT_NO_LAUNCH_PACKAGER+xxx}\" ] ; then\n  if nc -w 5 -z localhost ${RCT_METRO_PORT} ; then\n    if ! curl -s \"http://localhost:${RCT_METRO_PORT}/status\" | grep -q \"packager-status:running\" ; then\n      echo \"Port ${RCT_METRO_PORT} already in use, packager is either not running or not running correctly\"\n      exit 2\n    fi\n  else\n    open \"$SRCROOT/../node_modules/react-native/scripts/launchPackager.command\" || echo \"Can't start packager automatically\"\n  fi\nfi\n";
			showEnvVarsInLog = 0;
		};
/* End PBXShellScriptBuildPhase section */

/* Begin PBXSourcesBuildPhase section */
		00E356EA1AD99517003FC87E /* Sources */ = {
			isa = PBXSourcesBuildPhase;
			buildActionMask = 2147483647;
			files = (
				00E356F31AD99517003FC87E /* complxTests.m in Sources */,
			);
			runOnlyForDeploymentPostprocessing = 0;
		};
		13B07F871A680F5B00A75B9A /* Sources */ = {
			isa = PBXSourcesBuildPhase;
			buildActionMask = 2147483647;
			files = (
				13B07FBC1A68108700A75B9A /* AppDelegate.mm in Sources */,
				13B07FC11A68108700A75B9A /* main.m in Sources */,
			);
			runOnlyForDeploymentPostprocessing = 0;
		};
/* End PBXSourcesBuildPhase section */

/* Begin PBXTargetDependency section */
		00E356F51AD99517003FC87E /* PBXTargetDependency */ = {
			isa = PBXTargetDependency;
			target = 13B07F861A680F5B00A75B9A /* complx */;
			targetProxy = 00E356F41AD99517003FC87E /* PBXContainerItemProxy */;
		};
/* End PBXTargetDependency section */

/* Begin XCBuildConfiguration section */
		00E356F61AD99517003FC87E /* Debug */ = {
			isa = XCBuildConfiguration;
			baseConfigurationReference = 5B7EB9410499542E8C5724F5 /* Pods-complx-complxTests.debug.xcconfig */;
			buildSettings = {
				BUNDLE_LOADER = "$(TEST_HOST)";
				GCC_PREPROCESSOR_DEFINITIONS = (
					"DEBUG=1",
					"$(inherited)",
				);
				INFOPLIST_FILE = complxTests/Info.plist;
				IPHONEOS_DEPLOYMENT_TARGET = 11.0;
				LD_RUNPATH_SEARCH_PATHS = (
					"$(inherited)",
					"@executable_path/Frameworks",
					"@loader_path/Frameworks",
				);
				OTHER_LDFLAGS = (
					"-ObjC",
					"-lc++",
					"$(inherited)",
				);
				PRODUCT_BUNDLE_IDENTIFIER = "org.reactjs.native.example.$(PRODUCT_NAME:rfc1034identifier)";
				PRODUCT_NAME = "$(TARGET_NAME)";
				TEST_HOST = "$(BUILT_PRODUCTS_DIR)/complx.app/complx";
			};
			name = Debug;
		};
		00E356F71AD99517003FC87E /* Release */ = {
			isa = XCBuildConfiguration;
			baseConfigurationReference = 89C6BE57DB24E9ADA2F236DE /* Pods-complx-complxTests.release.xcconfig */;
			buildSettings = {
				BUNDLE_LOADER = "$(TEST_HOST)";
				COPY_PHASE_STRIP = NO;
				INFOPLIST_FILE = complxTests/Info.plist;
				IPHONEOS_DEPLOYMENT_TARGET = 11.0;
				LD_RUNPATH_SEARCH_PATHS = (
					"$(inherited)",
					"@executable_path/Frameworks",
					"@loader_path/Frameworks",
				);
				OTHER_LDFLAGS = (
					"-ObjC",
					"-lc++",
					"$(inherited)",
				);
				PRODUCT_BUNDLE_IDENTIFIER = "org.reactjs.native.example.$(PRODUCT_NAME:rfc1034identifier)";
				PRODUCT_NAME = "$(TARGET_NAME)";
				TEST_HOST = "$(BUILT_PRODUCTS_DIR)/complx.app/complx";
			};
			name = Release;
		};
		13B07F941A680F5B00A75B9A /* Debug */ = {
			isa = XCBuildConfiguration;
			baseConfigurationReference = 3B4392A12AC88292D35C810B /* Pods-complx.debug.xcconfig */;
			buildSettings = {
				ASSETCATALOG_COMPILER_APPICON_NAME = AppIcon;
				CLANG_ENABLE_MODULES = YES;
				CURRENT_PROJECT_VERSION = 1;
				ENABLE_BITCODE = NO;
				INFOPLIST_FILE = complx/Info.plist;
				LD_RUNPATH_SEARCH_PATHS = (
					"$(inherited)",
					"@executable_path/Frameworks",
				);
				OTHER_LDFLAGS = (
					"$(inherited)",
					"-ObjC",
					"-lc++",
				);
				PRODUCT_BUNDLE_IDENTIFIER = "org.reactjs.native.example.$(PRODUCT_NAME:rfc1034identifier)";
				PRODUCT_NAME = complx;
				SWIFT_OPTIMIZATION_LEVEL = "-Onone";
				SWIFT_VERSION = 5.0;
				VERSIONING_SYSTEM = "apple-generic";
			};
			name = Debug;
		};
		13B07F951A680F5B00A75B9A /* Release */ = {
			isa = XCBuildConfiguration;
			baseConfigurationReference = 5709B34CF0A7D63546082F79 /* Pods-complx.release.xcconfig */;
			buildSettings = {
				ASSETCATALOG_COMPILER_APPICON_NAME = AppIcon;
				CLANG_ENABLE_MODULES = YES;
				CURRENT_PROJECT_VERSION = 1;
				INFOPLIST_FILE = complx/Info.plist;
				LD_RUNPATH_SEARCH_PATHS = (
					"$(inherited)",
					"@executable_path/Frameworks",
				);
				OTHER_LDFLAGS = (
					"$(inherited)",
					"-ObjC",
					"-lc++",
				);
				PRODUCT_BUNDLE_IDENTIFIER = "org.reactjs.native.example.$(PRODUCT_NAME:rfc1034identifier)";
				PRODUCT_NAME = complx;
				SWIFT_VERSION = 5.0;
				VERSIONING_SYSTEM = "apple-generic";
			};
			name = Release;
		};
		83CBBA201A601CBA00E9B192 /* Debug */ = {
			isa = XCBuildConfiguration;
			buildSettings = {
				ALWAYS_SEARCH_USER_PATHS = NO;
				CLANG_ANALYZER_LOCALIZABILITY_NONLOCALIZED = YES;
				CLANG_CXX_LANGUAGE_STANDARD = "c++17";
				CLANG_CXX_LIBRARY = "libc++";
				CLANG_ENABLE_MODULES = YES;
				CLANG_ENABLE_OBJC_ARC = YES;
				CLANG_WARN_BLOCK_CAPTURE_AUTORELEASING = YES;
				CLANG_WARN_BOOL_CONVERSION = YES;
				CLANG_WARN_COMMA = YES;
				CLANG_WARN_CONSTANT_CONVERSION = YES;
				CLANG_WARN_DEPRECATED_OBJC_IMPLEMENTATIONS = YES;
				CLANG_WARN_DIRECT_OBJC_ISA_USAGE = YES_ERROR;
				CLANG_WARN_EMPTY_BODY = YES;
				CLANG_WARN_ENUM_CONVERSION = YES;
				CLANG_WARN_INFINITE_RECURSION = YES;
				CLANG_WARN_INT_CONVERSION = YES;
				CLANG_WARN_NON_LITERAL_NULL_CONVERSION = YES;
				CLANG_WARN_OBJC_IMPLICIT_RETAIN_SELF = YES;
				CLANG_WARN_OBJC_LITERAL_CONVERSION = YES;
				CLANG_WARN_OBJC_ROOT_CLASS = YES_ERROR;
				CLANG_WARN_QUOTED_INCLUDE_IN_FRAMEWORK_HEADER = YES;
				CLANG_WARN_RANGE_LOOP_ANALYSIS = YES;
				CLANG_WARN_STRICT_PROTOTYPES = YES;
				CLANG_WARN_SUSPICIOUS_MOVE = YES;
				CLANG_WARN_UNREACHABLE_CODE = YES;
				CLANG_WARN__DUPLICATE_METHOD_MATCH = YES;
				"CODE_SIGN_IDENTITY[sdk=iphoneos*]" = "iPhone Developer";
				COPY_PHASE_STRIP = NO;
				ENABLE_STRICT_OBJC_MSGSEND = YES;
				ENABLE_TESTABILITY = YES;
				"EXCLUDED_ARCHS[sdk=iphonesimulator*]" = "";
				GCC_C_LANGUAGE_STANDARD = gnu99;
				GCC_DYNAMIC_NO_PIC = NO;
				GCC_NO_COMMON_BLOCKS = YES;
				GCC_OPTIMIZATION_LEVEL = 0;
				GCC_PREPROCESSOR_DEFINITIONS = (
					"DEBUG=1",
					"$(inherited)",
				);
				GCC_SYMBOLS_PRIVATE_EXTERN = NO;
				GCC_WARN_64_TO_32_BIT_CONVERSION = YES;
				GCC_WARN_ABOUT_RETURN_TYPE = YES_ERROR;
				GCC_WARN_UNDECLARED_SELECTOR = YES;
				GCC_WARN_UNINITIALIZED_AUTOS = YES_AGGRESSIVE;
				GCC_WARN_UNUSED_FUNCTION = YES;
				GCC_WARN_UNUSED_VARIABLE = YES;
				IPHONEOS_DEPLOYMENT_TARGET = 11.0;
				LD_RUNPATH_SEARCH_PATHS = (
					/usr/lib/swift,
					"$(inherited)",
				);
				LIBRARY_SEARCH_PATHS = (
					"\"$(SDKROOT)/usr/lib/swift\"",
					"\"$(TOOLCHAIN_DIR)/usr/lib/swift/$(PLATFORM_NAME)\"",
					"\"$(inherited)\"",
				);
				MTL_ENABLE_DEBUG_INFO = YES;
				ONLY_ACTIVE_ARCH = YES;
				OTHER_CPLUSPLUSFLAGS = (
					"$(OTHER_CFLAGS)",
					"-DFOLLY_NO_CONFIG",
					"-DFOLLY_MOBILE=1",
					"-DFOLLY_USE_LIBCPP=1",
				);
				SDKROOT = iphoneos;
			};
			name = Debug;
		};
		83CBBA211A601CBA00E9B192 /* Release */ = {
			isa = XCBuildConfiguration;
			buildSettings = {
				ALWAYS_SEARCH_USER_PATHS = NO;
				CLANG_ANALYZER_LOCALIZABILITY_NONLOCALIZED = YES;
				CLANG_CXX_LANGUAGE_STANDARD = "c++17";
				CLANG_CXX_LIBRARY = "libc++";
				CLANG_ENABLE_MODULES = YES;
				CLANG_ENABLE_OBJC_ARC = YES;
				CLANG_WARN_BLOCK_CAPTURE_AUTORELEASING = YES;
				CLANG_WARN_BOOL_CONVERSION = YES;
				CLANG_WARN_COMMA = YES;
				CLANG_WARN_CONSTANT_CONVERSION = YES;
				CLANG_WARN_DEPRECATED_OBJC_IMPLEMENTATIONS = YES;
				CLANG_WARN_DIRECT_OBJC_ISA_USAGE = YES_ERROR;
				CLANG_WARN_EMPTY_BODY = YES;
				CLANG_WARN_ENUM_CONVERSION = YES;
				CLANG_WARN_INFINITE_RECURSION = YES;
				CLANG_WARN_INT_CONVERSION = YES;
				CLANG_WARN_NON_LITERAL_NULL_CONVERSION = YES;
				CLANG_WARN_OBJC_IMPLICIT_RETAIN_SELF = YES;
				CLANG_WARN_OBJC_LITERAL_CONVERSION = YES;
				CLANG_WARN_OBJC_ROOT_CLASS = YES_ERROR;
				CLANG_WARN_QUOTED_INCLUDE_IN_FRAMEWORK_HEADER = YES;
				CLANG_WARN_RANGE_LOOP_ANALYSIS = YES;
				CLANG_WARN_STRICT_PROTOTYPES = YES;
				CLANG_WARN_SUSPICIOUS_MOVE = YES;
				CLANG_WARN_UNREACHABLE_CODE = YES;
				CLANG_WARN__DUPLICATE_METHOD_MATCH = YES;
				"CODE_SIGN_IDENTITY[sdk=iphoneos*]" = "iPhone Developer";
				COPY_PHASE_STRIP = YES;
				ENABLE_NS_ASSERTIONS = NO;
				ENABLE_STRICT_OBJC_MSGSEND = YES;
				"EXCLUDED_ARCHS[sdk=iphonesimulator*]" = "";
				GCC_C_LANGUAGE_STANDARD = gnu99;
				GCC_NO_COMMON_BLOCKS = YES;
				GCC_WARN_64_TO_32_BIT_CONVERSION = YES;
				GCC_WARN_ABOUT_RETURN_TYPE = YES_ERROR;
				GCC_WARN_UNDECLARED_SELECTOR = YES;
				GCC_WARN_UNINITIALIZED_AUTOS = YES_AGGRESSIVE;
				GCC_WARN_UNUSED_FUNCTION = YES;
				GCC_WARN_UNUSED_VARIABLE = YES;
				IPHONEOS_DEPLOYMENT_TARGET = 11.0;
				LD_RUNPATH_SEARCH_PATHS = (
					/usr/lib/swift,
					"$(inherited)",
				);
				LIBRARY_SEARCH_PATHS = (
					"\"$(SDKROOT)/usr/lib/swift\"",
					"\"$(TOOLCHAIN_DIR)/usr/lib/swift/$(PLATFORM_NAME)\"",
					"\"$(inherited)\"",
				);
				MTL_ENABLE_DEBUG_INFO = NO;
				OTHER_CPLUSPLUSFLAGS = (
					"$(OTHER_CFLAGS)",
					"-DFOLLY_NO_CONFIG",
					"-DFOLLY_MOBILE=1",
					"-DFOLLY_USE_LIBCPP=1",
				);
				SDKROOT = iphoneos;
				VALIDATE_PRODUCT = YES;
			};
			name = Release;
		};
/* End XCBuildConfiguration section */

/* Begin XCConfigurationList section */
		00E357021AD99517003FC87E /* Build configuration list for PBXNativeTarget "complxTests" */ = {
			isa = XCConfigurationList;
			buildConfigurations = (
				00E356F61AD99517003FC87E /* Debug */,
				00E356F71AD99517003FC87E /* Release */,
			);
			defaultConfigurationIsVisible = 0;
			defaultConfigurationName = Release;
		};
		13B07F931A680F5B00A75B9A /* Build configuration list for PBXNativeTarget "complx" */ = {
			isa = XCConfigurationList;
			buildConfigurations = (
				13B07F941A680F5B00A75B9A /* Debug */,
				13B07F951A680F5B00A75B9A /* Release */,
			);
			defaultConfigurationIsVisible = 0;
			defaultConfigurationName = Release;
		};
		83CBB9FA1A601CBA00E9B192 /* Build configuration list for PBXProject "complx" */ = {
			isa = XCConfigurationList;
			buildConfigurations = (
				83CBBA201A601CBA00E9B192 /* Debug */,
				83CBBA211A601CBA00E9B192 /* Release */,
			);
			defaultConfigurationIsVisible = 0;
			defaultConfigurationName = Release;
		};
/* End XCConfigurationList section */
	};
	rootObject = 83CBB9F71A601CBA00E9B192 /* Project object */;
}
